
Microsoft Visual Studio Solution File, Format Version 12.00
# Visual Studio Version 17
VisualStudioVersion = 17.5.33516.290
MinimumVisualStudioVersion = 10.0.40219.1
Project("{FAE04EC0-301F-11D3-BF4B-00C04F79EFBC}") = "dperezExamen.Android", "dperezExamen.Android\dperezExamen.Android.csproj", "{C7892A05-11BB-4851-B421-8B135CE0D0D0}"
EndProject
Project("{FAE04EC0-301F-11D3-BF4B-00C04F79EFBC}") = "dperezExamen.iOS", "dperezExamen.iOS\dperezExamen.iOS.csproj", "{5A3E0884-2400-418F-ACCB-A3A2538E4EEF}"
EndProject
Project("{FAE04EC0-301F-11D3-BF4B-00C04F79EFBC}") = "dperezExamen", "dperezExamen\dperezExamen.csproj", "{F29011DC-AF1D-4269-A58D-75C0C1B0DA1C}"
EndProject
Global
	GlobalSection(SolutionConfigurationPlatforms) = preSolution
		Debug|Any CPU = Debug|Any CPU
		Debug|iPhone = Debug|iPhone
		Debug|iPhoneSimulator = Debug|iPhoneSimulator
		Release|Any CPU = Release|Any CPU
		Release|iPhone = Release|iPhone
		Release|iPhoneSimulator = Release|iPhoneSimulator
	EndGlobalSection
	GlobalSection(ProjectConfigurationPlatforms) = postSolution
		{C7892A05-11BB-4851-B421-8B135CE0D0D0}.Debug|Any CPU.ActiveCfg = Debug|Any CPU
		{C7892A05-11BB-4851-B421-8B135CE0D0D0}.Debug|Any CPU.Build.0 = Debug|Any CPU
		{C7892A05-11BB-4851-B421-8B135CE0D0D0}.Debug|Any CPU.Deploy.0 = Debug|Any CPU
		{C7892A05-11BB-4851-B421-8B135CE0D0D0}.Debug|iPhone.ActiveCfg = Debug|Any CPU
		{C7892A05-11BB-4851-B421-8B135CE0D0D0}.Debug|iPhone.Build.0 = Debug|Any CPU
		{C7892A05-11BB-4851-B421-8B135CE0D0D0}.Debug|iPhone.Deploy.0 = Debug|Any CPU
		{C7892A05-11BB-4851-B421-8B135CE0D0D0}.Debug|iPhoneSimulator.ActiveCfg = Debug|Any CPU
		{C7892A05-11BB-4851-B421-8B135CE0D0D0}.Debug|iPhoneSimulator.Build.0 = Debug|Any CPU
		{C7892A05-11BB-4851-B421-8B135CE0D0D0}.Debug|iPhoneSimulator.Deploy.0 = Debug|Any CPU
		{C7892A05-11BB-4851-B421-8B135CE0D0D0}.Release|Any CPU.ActiveCfg = Release|Any CPU
		{C7892A05-11BB-4851-B421-8B135CE0D0D0}.Release|Any CPU.Build.0 = Release|Any CPU
		{C7892A05-11BB-4851-B421-8B135CE0D0D0}.Release|Any CPU.Deploy.0 = Release|Any CPU
		{C7892A05-11BB-4851-B421-8B135CE0D0D0}.Release|iPhone.ActiveCfg = Release|Any CPU
		{C7892A05-11BB-4851-B421-8B135CE0D0D0}.Release|iPhone.Build.0 = Release|Any CPU
		{C7892A05-11BB-4851-B421-8B135CE0D0D0}.Release|iPhone.Deploy.0 = Release|Any CPU
		{C7892A05-11BB-4851-B421-8B135CE0D0D0}.Release|iPhoneSimulator.ActiveCfg = Release|Any CPU
		{C7892A05-11BB-4851-B421-8B135CE0D0D0}.Release|iPhoneSimulator.Build.0 = Release|Any CPU
		{C7892A05-11BB-4851-B421-8B135CE0D0D0}.Release|iPhoneSimulator.Deploy.0 = Release|Any CPU
		{5A3E0884-2400-418F-ACCB-A3A2538E4EEF}.Debug|Any CPU.ActiveCfg = Debug|iPhone
		{5A3E0884-2400-418F-ACCB-A3A2538E4EEF}.Debug|Any CPU.Build.0 = Debug|iPhone
		{5A3E0884-2400-418F-ACCB-A3A2538E4EEF}.Debug|Any CPU.Deploy.0 = Debug|iPhone
		{5A3E0884-2400-418F-ACCB-A3A2538E4EEF}.Debug|iPhone.ActiveCfg = Debug|iPhone
		{5A3E0884-2400-418F-ACCB-A3A2538E4EEF}.Debug|iPhone.Build.0 = Debug|iPhone
		{5A3E0884-2400-418F-ACCB-A3A2538E4EEF}.Debug|iPhone.Deploy.0 = Debug|iPhone
		{5A3E0884-2400-418F-ACCB-A3A2538E4EEF}.Debug|iPhoneSimulator.ActiveCfg = Debug|iPhoneSimulator
		{5A3E0884-2400-418F-ACCB-A3A2538E4EEF}.Debug|iPhoneSimulator.Build.0 = Debug|iPhoneSimulator
		{5A3E0884-2400-418F-ACCB-A3A2538E4EEF}.Debug|iPhoneSimulator.Deploy.0 = Debug|iPhoneSimulator
		{5A3E0884-2400-418F-ACCB-A3A2538E4EEF}.Release|Any CPU.ActiveCfg = Release|iPhoneSimulator
		{5A3E0884-2400-418F-ACCB-A3A2538E4EEF}.Release|Any CPU.Build.0 = Release|iPhoneSimulator
		{5A3E0884-2400-418F-ACCB-A3A2538E4EEF}.Release|Any CPU.Deploy.0 = Release|iPhoneSimulator
		{5A3E0884-2400-418F-ACCB-A3A2538E4EEF}.Release|iPhone.ActiveCfg = Release|iPhone
		{5A3E0884-2400-418F-ACCB-A3A2538E4EEF}.Release|iPhone.Build.0 = Release|iPhone
		{5A3E0884-2400-418F-ACCB-A3A2538E4EEF}.Release|iPhone.Deploy.0 = Release|iPhone
		{5A3E0884-2400-418F-ACCB-A3A2538E4EEF}.Release|iPhoneSimulator.ActiveCfg = Release|iPhoneSimulator
		{5A3E0884-2400-418F-ACCB-A3A2538E4EEF}.Release|iPhoneSimulator.Build.0 = Release|iPhoneSimulator
		{5A3E0884-2400-418F-ACCB-A3A2538E4EEF}.Release|iPhoneSimulator.Deploy.0 = Release|iPhoneSimulator
		{F29011DC-AF1D-4269-A58D-75C0C1B0DA1C}.Debug|Any CPU.ActiveCfg = Debug|Any CPU
		{F29011DC-AF1D-4269-A58D-75C0C1B0DA1C}.Debug|Any CPU.Build.0 = Debug|Any CPU
		{F29011DC-AF1D-4269-A58D-75C0C1B0DA1C}.Debug|Any CPU.Deploy.0 = Debug|Any CPU
		{F29011DC-AF1D-4269-A58D-75C0C1B0DA1C}.Debug|iPhone.ActiveCfg = Debug|Any CPU
		{F29011DC-AF1D-4269-A58D-75C0C1B0DA1C}.Debug|iPhone.Build.0 = Debug|Any CPU
		{F29011DC-AF1D-4269-A58D-75C0C1B0DA1C}.Debug|iPhone.Deploy.0 = Debug|Any CPU
		{F29011DC-AF1D-4269-A58D-75C0C1B0DA1C}.Debug|iPhoneSimulator.ActiveCfg = Debug|Any CPU
		{F29011DC-AF1D-4269-A58D-75C0C1B0DA1C}.Debug|iPhoneSimulator.Build.0 = Debug|Any CPU
		{F29011DC-AF1D-4269-A58D-75C0C1B0DA1C}.Debug|iPhoneSimulator.Deploy.0 = Debug|Any CPU
		{F29011DC-AF1D-4269-A58D-75C0C1B0DA1C}.Release|Any CPU.ActiveCfg = Release|Any CPU
		{F29011DC-AF1D-4269-A58D-75C0C1B0DA1C}.Release|Any CPU.Build.0 = Release|Any CPU
		{F29011DC-AF1D-4269-A58D-75C0C1B0DA1C}.Release|Any CPU.Deploy.0 = Release|Any CPU
		{F29011DC-AF1D-4269-A58D-75C0C1B0DA1C}.Release|iPhone.ActiveCfg = Release|Any CPU
		{F29011DC-AF1D-4269-A58D-75C0C1B0DA1C}.Release|iPhone.Build.0 = Release|Any CPU
		{F29011DC-AF1D-4269-A58D-75C0C1B0DA1C}.Release|iPhone.Deploy.0 = Release|Any CPU
		{F29011DC-AF1D-4269-A58D-75C0C1B0DA1C}.Release|iPhoneSimulator.ActiveCfg = Release|Any CPU
		{F29011DC-AF1D-4269-A58D-75C0C1B0DA1C}.Release|iPhoneSimulator.Build.0 = Release|Any CPU
		{F29011DC-AF1D-4269-A58D-75C0C1B0DA1C}.Release|iPhoneSimulator.Deploy.0 = Release|Any CPU
	EndGlobalSection
	GlobalSection(SolutionProperties) = preSolution
		HideSolutionNode = FALSE
	EndGlobalSection
	GlobalSection(ExtensibilityGlobals) = postSolution
		SolutionGuid = {4E86CEB5-C609-4DB9-973D-12724C4D84A0}
	EndGlobalSection
EndGlobal
